{
  "originHash" : "30b858c5c7802bc1dd9b38faaf871911b5c54f0b630930d6100719a922e48bee",
  "pins" : [
    {
      "identity" : "cloudstorage",
      "kind" : "remoteSourceControl",
      "location" : "https://github.com/nonstrict-hq/CloudStorage",
      "state" : {
        "revision" : "d94cb14e563c1a20edeba8a861395c60c2b9d064",
        "version" : "0.7.0"
      }
    },
    {
      "identity" : "datehelper",
      "kind" : "remoteSourceControl",
      "location" : "https://github.com/melvitax/DateHelper.git",
      "state" : {
        "revision" : "76d0840daab7288fc99b04a4c23d504f0394e083",
        "version" : "5.0.1"
      }
    },
    {
      "identity" : "swift-algorithms",
      "kind" : "remoteSourceControl",
      "location" : "https://github.com/apple/swift-algorithms.git",
      "state" : {
        "revision" : "87e50f483c54e6efd60e885f7f5aa946cee68023",
        "version" : "1.2.1"
      }
    },
    {
      "identity" : "swift-numerics",
      "kind" : "remoteSourceControl",
      "location" : "https://github.com/apple/swift-numerics.git",
      "state" : {
        "revision" : "e0ec0f5f3af6f3e4d5e7a19d2af26b481acb6ba8",
        "version" : "1.0.3"
      }
    }
  ],
  "version" : 3
}
